
Microsoft Visual Studio Solution File, Format Version 12.00
# Visual Studio Version 17
VisualStudioVersion = 17.13.35825.156
MinimumVisualStudioVersion = 10.0.40219.1
Project("{2150E333-8FDC-42A3-9474-1A3956D46DE8}") = "Frontend", "Frontend", "{02EA681E-C7D8-13C7-8484-4AC65E1B71E8}"
EndProject
Project("{2150E333-8FDC-42A3-9474-1A3956D46DE8}") = "Libraries", "Libraries", "{7BB63193-7F85-4484-BCE8-E50C1C8AF838}"
EndProject
Project("{FAE04EC0-301F-11D3-BF4B-00C04F79EFBC}") = "Shared", "src\Libraries\Shared\Shared.csproj", "{875B8B50-2C46-4823-B691-F727D2984E97}"
EndProject
Project("{FAE04EC0-301F-11D3-BF4B-00C04F79EFBC}") = "Website", "src\Frontend\Website\Website.csproj", "{F259DC04-AF5E-4987-8D52-3E9AF55D2539}"
EndProject
Global
	GlobalSection(SolutionConfigurationPlatforms) = preSolution
		Debug|Any CPU = Debug|Any CPU
		Release|Any CPU = Release|Any CPU
	EndGlobalSection
	GlobalSection(ProjectConfigurationPlatforms) = postSolution
		{875B8B50-2C46-4823-B691-F727D2984E97}.Debug|Any CPU.ActiveCfg = Debug|Any CPU
		{875B8B50-2C46-4823-B691-F727D2984E97}.Debug|Any CPU.Build.0 = Debug|Any CPU
		{875B8B50-2C46-4823-B691-F727D2984E97}.Release|Any CPU.ActiveCfg = Release|Any CPU
		{875B8B50-2C46-4823-B691-F727D2984E97}.Release|Any CPU.Build.0 = Release|Any CPU
		{F259DC04-AF5E-4987-8D52-3E9AF55D2539}.Debug|Any CPU.ActiveCfg = Debug|Any CPU
		{F259DC04-AF5E-4987-8D52-3E9AF55D2539}.Debug|Any CPU.Build.0 = Debug|Any CPU
		{F259DC04-AF5E-4987-8D52-3E9AF55D2539}.Release|Any CPU.ActiveCfg = Release|Any CPU
		{F259DC04-AF5E-4987-8D52-3E9AF55D2539}.Release|Any CPU.Build.0 = Release|Any CPU
	EndGlobalSection
	GlobalSection(SolutionProperties) = preSolution
		HideSolutionNode = FALSE
	EndGlobalSection
	GlobalSection(NestedProjects) = preSolution
		{875B8B50-2C46-4823-B691-F727D2984E97} = {7BB63193-7F85-4484-BCE8-E50C1C8AF838}
		{F259DC04-AF5E-4987-8D52-3E9AF55D2539} = {02EA681E-C7D8-13C7-8484-4AC65E1B71E8}
	EndGlobalSection
	GlobalSection(ExtensibilityGlobals) = postSolution
		SolutionGuid = {EB74F565-0EF2-46C4-88F3-67ACB1589714}
	EndGlobalSection
EndGlobal
